
Microsoft Visual Studio Solution File, Format Version 12.00
# Visual Studio Version 16
VisualStudioVersion = 16.0.31729.503
MinimumVisualStudioVersion = 10.0.40219.1
Project("{FAE04EC0-301F-11D3-BF4B-00C04F79EFBC}") = "Skalenagryfie1", "Skalenagryfie1\Skalenagryfie1.csproj", "{F717D29D-62EC-45F8-A6AE-A9C2EEDA982C}"
EndProject
Global
	GlobalSection(SolutionConfigurationPlatforms) = preSolution
		Debug|Any CPU = Debug|Any CPU
		Release|Any CPU = Release|Any CPU
	EndGlobalSection
	GlobalSection(ProjectConfigurationPlatforms) = postSolution
		{F717D29D-62EC-45F8-A6AE-A9C2EEDA982C}.Debug|Any CPU.ActiveCfg = Debug|Any CPU
		{F717D29D-62EC-45F8-A6AE-A9C2EEDA982C}.Debug|Any CPU.Build.0 = Debug|Any CPU
		{F717D29D-62EC-45F8-A6AE-A9C2EEDA982C}.Release|Any CPU.ActiveCfg = Release|Any CPU
		{F717D29D-62EC-45F8-A6AE-A9C2EEDA982C}.Release|Any CPU.Build.0 = Release|Any CPU
	EndGlobalSection
	GlobalSection(SolutionProperties) = preSolution
		HideSolutionNode = FALSE
	EndGlobalSection
	GlobalSection(ExtensibilityGlobals) = postSolution
		SolutionGuid = {9AC92962-0671-422A-A80C-0747A75FF842}
	EndGlobalSection
EndGlobal
